
Microsoft Visual Studio Solution File, Format Version 11.00
# Visual Studio 2010
Project("{F184B08F-C81C-45F6-A57F-5ABD9991F28F}") = "RemoteAdmins", "RemoteAdmins\RemoteAdmins.vbproj", "{F82E0B32-D998-4FC6-9DE5-05215D9CC284}"
EndProject
Global
	GlobalSection(SolutionConfigurationPlatforms) = preSolution
		Debug|Any CPU = Debug|Any CPU
		Debug|x86 = Debug|x86
		Release|Any CPU = Release|Any CPU
		Release|x86 = Release|x86
	EndGlobalSection
	GlobalSection(ProjectConfigurationPlatforms) = postSolution
		{F82E0B32-D998-4FC6-9DE5-05215D9CC284}.Debug|Any CPU.ActiveCfg = Debug|Any CPU
		{F82E0B32-D998-4FC6-9DE5-05215D9CC284}.Debug|Any CPU.Build.0 = Debug|Any CPU
		{F82E0B32-D998-4FC6-9DE5-05215D9CC284}.Debug|x86.ActiveCfg = Debug|x86
		{F82E0B32-D998-4FC6-9DE5-05215D9CC284}.Debug|x86.Build.0 = Debug|x86
		{F82E0B32-D998-4FC6-9DE5-05215D9CC284}.Release|Any CPU.ActiveCfg = Release|Any CPU
		{F82E0B32-D998-4FC6-9DE5-05215D9CC284}.Release|Any CPU.Build.0 = Release|Any CPU
		{F82E0B32-D998-4FC6-9DE5-05215D9CC284}.Release|x86.ActiveCfg = Release|x86
		{F82E0B32-D998-4FC6-9DE5-05215D9CC284}.Release|x86.Build.0 = Release|x86
	EndGlobalSection
	GlobalSection(SolutionProperties) = preSolution
		HideSolutionNode = FALSE
	EndGlobalSection
EndGlobal
